
Microsoft Visual Studio Solution File, Format Version 12.00
# Visual Studio Version 17
VisualStudioVersion = 17.8.34408.163
MinimumVisualStudioVersion = 10.0.40219.1
Project("{FAE04EC0-301F-11D3-BF4B-00C04F79EFBC}") = "Prueba.Tecnica", "Prueba.Tecnica.csproj", "{7E955FF7-0087-4B68-A801-EFCAFA4F2F7D}"
EndProject
Project("{FAE04EC0-301F-11D3-BF4B-00C04F79EFBC}") = "TestCase1", "..\TestCase1\TestCase1.csproj", "{09D41CDD-1D45-45ED-A7D7-15C8D624BFDE}"
EndProject
Project("{FAE04EC0-301F-11D3-BF4B-00C04F79EFBC}") = "ConsoleApp1", "..\ConsoleApp1\ConsoleApp1.csproj", "{C6B8CB4D-B2B2-49C0-9B12-F6BE94E35834}"
EndProject
Global
	GlobalSection(SolutionConfigurationPlatforms) = preSolution
		Debug|Any CPU = Debug|Any CPU
		Release|Any CPU = Release|Any CPU
	EndGlobalSection
	GlobalSection(ProjectConfigurationPlatforms) = postSolution
		{7E955FF7-0087-4B68-A801-EFCAFA4F2F7D}.Debug|Any CPU.ActiveCfg = Debug|Any CPU
		{7E955FF7-0087-4B68-A801-EFCAFA4F2F7D}.Debug|Any CPU.Build.0 = Debug|Any CPU
		{7E955FF7-0087-4B68-A801-EFCAFA4F2F7D}.Release|Any CPU.ActiveCfg = Release|Any CPU
		{7E955FF7-0087-4B68-A801-EFCAFA4F2F7D}.Release|Any CPU.Build.0 = Release|Any CPU
		{09D41CDD-1D45-45ED-A7D7-15C8D624BFDE}.Debug|Any CPU.ActiveCfg = Debug|Any CPU
		{09D41CDD-1D45-45ED-A7D7-15C8D624BFDE}.Debug|Any CPU.Build.0 = Debug|Any CPU
		{09D41CDD-1D45-45ED-A7D7-15C8D624BFDE}.Release|Any CPU.ActiveCfg = Release|Any CPU
		{09D41CDD-1D45-45ED-A7D7-15C8D624BFDE}.Release|Any CPU.Build.0 = Release|Any CPU
		{C6B8CB4D-B2B2-49C0-9B12-F6BE94E35834}.Debug|Any CPU.ActiveCfg = Debug|Any CPU
		{C6B8CB4D-B2B2-49C0-9B12-F6BE94E35834}.Debug|Any CPU.Build.0 = Debug|Any CPU
		{C6B8CB4D-B2B2-49C0-9B12-F6BE94E35834}.Release|Any CPU.ActiveCfg = Release|Any CPU
		{C6B8CB4D-B2B2-49C0-9B12-F6BE94E35834}.Release|Any CPU.Build.0 = Release|Any CPU
	EndGlobalSection
	GlobalSection(SolutionProperties) = preSolution
		HideSolutionNode = FALSE
	EndGlobalSection
	GlobalSection(ExtensibilityGlobals) = postSolution
		SolutionGuid = {D67C9651-767F-45ED-97E9-4495EBC99B69}
	EndGlobalSection
EndGlobal
